
Microsoft Visual Studio Solution File, Format Version 12.00
# Visual Studio Version 17
VisualStudioVersion = 17.5.33424.131
MinimumVisualStudioVersion = 10.0.40219.1
Project("{9A19103F-16F7-4668-BE54-9A1E7A4F7556}") = "Decorator-DesignPattern", "Decorator-DesignPattern\Decorator-DesignPattern.csproj", "{21974533-6B26-47B4-94FE-6D89FA048B27}"
EndProject
Project("{9A19103F-16F7-4668-BE54-9A1E7A4F7556}") = "Facade-DesignPattern", "Facade-DesignPattern\Facade-DesignPattern.csproj", "{5229FAA3-B9DB-4253-BAE7-A3D39A2AE1AD}"
EndProject
Project("{9A19103F-16F7-4668-BE54-9A1E7A4F7556}") = "FacadeDesignInDotNetCore", "FacadeDesignInDotNetCore\FacadeDesignInDotNetCore.csproj", "{ECE4C24D-A930-4D19-9361-9D7DECE6B919}"
EndProject
Project("{9A19103F-16F7-4668-BE54-9A1E7A4F7556}") = "Bridge-DesignPatetrn", "Bridge-DesignPatetrn\Bridge-DesignPatetrn.csproj", "{FE8737D6-364D-4730-905D-C9F4FD5AE2EE}"
EndProject
Project("{9A19103F-16F7-4668-BE54-9A1E7A4F7556}") = "Bridge-MailSample", "Bridge-MailSample\Bridge-MailSample.csproj", "{9791A9E3-5CB1-43A2-BCF2-2457B3D6FB69}"
EndProject
Project("{9A19103F-16F7-4668-BE54-9A1E7A4F7556}") = "Proxy-DesignPattern", "Proxy-DesignPattern\Proxy-DesignPattern.csproj", "{B1867A31-C4C5-4917-9915-E9A787C014C0}"
EndProject
Project("{FAE04EC0-301F-11D3-BF4B-00C04F79EFBC}") = "Composite-DesignPattern", "Composite-DesignPattern\Composite-DesignPattern.csproj", "{A91D6CE1-1058-451C-9AFF-4B9ACF7EBBB3}"
EndProject
Project("{FAE04EC0-301F-11D3-BF4B-00C04F79EFBC}") = "Composite-Menu", "Composite-Menu\Composite-Menu.csproj", "{36EBA13B-8472-45AB-9E0C-4FC1C10D9BA5}"
EndProject
Global
	GlobalSection(SolutionConfigurationPlatforms) = preSolution
		Debug|Any CPU = Debug|Any CPU
		Release|Any CPU = Release|Any CPU
	EndGlobalSection
	GlobalSection(ProjectConfigurationPlatforms) = postSolution
		{21974533-6B26-47B4-94FE-6D89FA048B27}.Debug|Any CPU.ActiveCfg = Debug|Any CPU
		{21974533-6B26-47B4-94FE-6D89FA048B27}.Debug|Any CPU.Build.0 = Debug|Any CPU
		{21974533-6B26-47B4-94FE-6D89FA048B27}.Release|Any CPU.ActiveCfg = Release|Any CPU
		{21974533-6B26-47B4-94FE-6D89FA048B27}.Release|Any CPU.Build.0 = Release|Any CPU
		{5229FAA3-B9DB-4253-BAE7-A3D39A2AE1AD}.Debug|Any CPU.ActiveCfg = Debug|Any CPU
		{5229FAA3-B9DB-4253-BAE7-A3D39A2AE1AD}.Debug|Any CPU.Build.0 = Debug|Any CPU
		{5229FAA3-B9DB-4253-BAE7-A3D39A2AE1AD}.Release|Any CPU.ActiveCfg = Release|Any CPU
		{5229FAA3-B9DB-4253-BAE7-A3D39A2AE1AD}.Release|Any CPU.Build.0 = Release|Any CPU
		{ECE4C24D-A930-4D19-9361-9D7DECE6B919}.Debug|Any CPU.ActiveCfg = Debug|Any CPU
		{ECE4C24D-A930-4D19-9361-9D7DECE6B919}.Debug|Any CPU.Build.0 = Debug|Any CPU
		{ECE4C24D-A930-4D19-9361-9D7DECE6B919}.Release|Any CPU.ActiveCfg = Release|Any CPU
		{ECE4C24D-A930-4D19-9361-9D7DECE6B919}.Release|Any CPU.Build.0 = Release|Any CPU
		{FE8737D6-364D-4730-905D-C9F4FD5AE2EE}.Debug|Any CPU.ActiveCfg = Debug|Any CPU
		{FE8737D6-364D-4730-905D-C9F4FD5AE2EE}.Debug|Any CPU.Build.0 = Debug|Any CPU
		{FE8737D6-364D-4730-905D-C9F4FD5AE2EE}.Release|Any CPU.ActiveCfg = Release|Any CPU
		{FE8737D6-364D-4730-905D-C9F4FD5AE2EE}.Release|Any CPU.Build.0 = Release|Any CPU
		{9791A9E3-5CB1-43A2-BCF2-2457B3D6FB69}.Debug|Any CPU.ActiveCfg = Debug|Any CPU
		{9791A9E3-5CB1-43A2-BCF2-2457B3D6FB69}.Debug|Any CPU.Build.0 = Debug|Any CPU
		{9791A9E3-5CB1-43A2-BCF2-2457B3D6FB69}.Release|Any CPU.ActiveCfg = Release|Any CPU
		{9791A9E3-5CB1-43A2-BCF2-2457B3D6FB69}.Release|Any CPU.Build.0 = Release|Any CPU
		{B1867A31-C4C5-4917-9915-E9A787C014C0}.Debug|Any CPU.ActiveCfg = Debug|Any CPU
		{B1867A31-C4C5-4917-9915-E9A787C014C0}.Debug|Any CPU.Build.0 = Debug|Any CPU
		{B1867A31-C4C5-4917-9915-E9A787C014C0}.Release|Any CPU.ActiveCfg = Release|Any CPU
		{B1867A31-C4C5-4917-9915-E9A787C014C0}.Release|Any CPU.Build.0 = Release|Any CPU
		{A91D6CE1-1058-451C-9AFF-4B9ACF7EBBB3}.Debug|Any CPU.ActiveCfg = Debug|Any CPU
		{A91D6CE1-1058-451C-9AFF-4B9ACF7EBBB3}.Debug|Any CPU.Build.0 = Debug|Any CPU
		{A91D6CE1-1058-451C-9AFF-4B9ACF7EBBB3}.Release|Any CPU.ActiveCfg = Release|Any CPU
		{A91D6CE1-1058-451C-9AFF-4B9ACF7EBBB3}.Release|Any CPU.Build.0 = Release|Any CPU
		{36EBA13B-8472-45AB-9E0C-4FC1C10D9BA5}.Debug|Any CPU.ActiveCfg = Debug|Any CPU
		{36EBA13B-8472-45AB-9E0C-4FC1C10D9BA5}.Debug|Any CPU.Build.0 = Debug|Any CPU
		{36EBA13B-8472-45AB-9E0C-4FC1C10D9BA5}.Release|Any CPU.ActiveCfg = Release|Any CPU
		{36EBA13B-8472-45AB-9E0C-4FC1C10D9BA5}.Release|Any CPU.Build.0 = Release|Any CPU
	EndGlobalSection
	GlobalSection(SolutionProperties) = preSolution
		HideSolutionNode = FALSE
	EndGlobalSection
	GlobalSection(ExtensibilityGlobals) = postSolution
		SolutionGuid = {CFCC849A-BB3C-4DD4-BAA2-61F3F0ABD180}
	EndGlobalSection
EndGlobal
